
Microsoft Visual Studio Solution File, Format Version 12.00
# Visual Studio Version 17
VisualStudioVersion = 17.12.35728.132
MinimumVisualStudioVersion = 10.0.40219.1
Project("{2150E333-8FDC-42A3-9474-1A3956D46DE8}") = "rabbitmq", "rabbitmq", "{5E593BF4-658A-4B2A-914F-443078EDDE08}"
	ProjectSection(SolutionItems) = preProject
		docker-compose.yml = docker-compose.yml
	EndProjectSection
EndProject
Project("{2150E333-8FDC-42A3-9474-1A3956D46DE8}") = "redis-cache", "redis-cache", "{703F644F-7A67-48A5-A251-B9FCF717BBFB}"
	ProjectSection(SolutionItems) = preProject
		docker-compose-redis.yml = docker-compose-redis.yml
	EndProjectSection
EndProject
Project("{2150E333-8FDC-42A3-9474-1A3956D46DE8}") = "src", "src", "{FC344D21-B3E4-4879-857D-FB525BF3197D}"
EndProject
Project("{2150E333-8FDC-42A3-9474-1A3956D46DE8}") = "OrderService", "OrderService", "{4FE055CF-634D-4F4E-B25A-21A653B12BCC}"
EndProject
Project("{2150E333-8FDC-42A3-9474-1A3956D46DE8}") = "CustomerService", "CustomerService", "{B01C8B2C-659B-47B5-8CF5-DA34BA02ACA5}"
EndProject
Project("{FAE04EC0-301F-11D3-BF4B-00C04F79EFBC}") = "CustomerService.Api", "src\CustomerService\CustomerService.Api\CustomerService.Api.csproj", "{6289203E-FE7E-449E-B2FA-46E09C2DB601}"
EndProject
Project("{FAE04EC0-301F-11D3-BF4B-00C04F79EFBC}") = "CustomerService.Tests", "src\CustomerService\CustomerService.Tests\CustomerService.Tests.csproj", "{D5C5888B-0611-4A25-80EF-13DBBFFDD084}"
EndProject
Project("{FAE04EC0-301F-11D3-BF4B-00C04F79EFBC}") = "CustomerService.Infrastructure", "src\CustomerService\CustomerService.Infrastructure\CustomerService.Infrastructure.csproj", "{194D4BAB-BEC2-4B34-9C0E-169E1E7233F3}"
EndProject
Project("{FAE04EC0-301F-11D3-BF4B-00C04F79EFBC}") = "CustomerService.Domain", "src\CustomerService\CustomerService.Domain\CustomerService.Domain.csproj", "{7111AA73-A7D4-45EF-824E-994265BE14CA}"
EndProject
Project("{FAE04EC0-301F-11D3-BF4B-00C04F79EFBC}") = "CustomerService.Application", "src\CustomerService\CustomerService.Application\CustomerService.Application.csproj", "{025D38BD-FAC3-428B-941A-BBE1C1BD0AD1}"
EndProject
Project("{2150E333-8FDC-42A3-9474-1A3956D46DE8}") = "ProductService", "ProductService", "{2F727C87-68B0-4727-B1BF-E94C0EFDED06}"
EndProject
Project("{FAE04EC0-301F-11D3-BF4B-00C04F79EFBC}") = "ProductService.Api", "src\ProductService\ProductService.Api\ProductService.Api.csproj", "{44FA5A23-3F33-42B2-AAC4-460A0442E09D}"
EndProject
Project("{FAE04EC0-301F-11D3-BF4B-00C04F79EFBC}") = "ProductService.Tests", "src\ProductService\ProductService.Tests\ProductService.Tests.csproj", "{1B858E78-52C7-499D-B851-25B2CE328B15}"
EndProject
Project("{FAE04EC0-301F-11D3-BF4B-00C04F79EFBC}") = "ProductService.Infrastructure", "src\ProductService\ProductService.Infrastructure\ProductService.Infrastructure.csproj", "{6AEE823E-8792-4A71-92F1-335B708683FE}"
EndProject
Project("{FAE04EC0-301F-11D3-BF4B-00C04F79EFBC}") = "ProductService.Domain", "src\ProductService\ProductService.Domain\ProductService.Domain.csproj", "{384B02BB-6007-4F21-BCF4-EE05CCBDB07A}"
EndProject
Project("{FAE04EC0-301F-11D3-BF4B-00C04F79EFBC}") = "ProductService.Application", "src\ProductService\ProductService.Application\ProductService.Application.csproj", "{5F0D52AA-B2C7-4F33-9FA2-5FCEB1A4003B}"
EndProject
Project("{2150E333-8FDC-42A3-9474-1A3956D46DE8}") = "ShoppingCartService", "ShoppingCartService", "{9807050B-5E42-4719-A980-5DACAB998FC0}"
EndProject
Project("{FAE04EC0-301F-11D3-BF4B-00C04F79EFBC}") = "ShoppingCartService.Api", "src\ShoppingCartService\ShoppingCartService.Api\ShoppingCartService.Api.csproj", "{AC184814-DCBD-4895-B93B-E83D0010449D}"
EndProject
Project("{FAE04EC0-301F-11D3-BF4B-00C04F79EFBC}") = "ShoppingCartService.Tests", "src\ShoppingCartService\ShoppingCartService.Tests\ShoppingCartService.Tests.csproj", "{BB238EC8-DAF9-4A41-9B34-667FEB8FED15}"
EndProject
Project("{FAE04EC0-301F-11D3-BF4B-00C04F79EFBC}") = "ShoppingCartService.Infrastructure", "src\ShoppingCartService\ShoppingCartService.Infrastructure\ShoppingCartService.Infrastructure.csproj", "{1F148AC1-AE08-4928-8844-F142DF8286D6}"
EndProject
Project("{FAE04EC0-301F-11D3-BF4B-00C04F79EFBC}") = "ShoppingCartService.Application", "src\ShoppingCartService\ShoppingCartService.Application\ShoppingCartService.Application.csproj", "{EA281AFB-564B-4FB9-B81D-89D3204C3F37}"
EndProject
Project("{FAE04EC0-301F-11D3-BF4B-00C04F79EFBC}") = "ShoppingCartService.Domain", "src\ShoppingCartService\ShoppingCartService.Domain\ShoppingCartService.Domain.csproj", "{E9A1E3CA-619F-4211-9D7D-0973D3F4973F}"
EndProject
Project("{FAE04EC0-301F-11D3-BF4B-00C04F79EFBC}") = "OrderService.Api", "src\OrderService\OrderService.Api\OrderService.Api.csproj", "{12AC6B99-D916-4905-B018-C152E30F5802}"
EndProject
Project("{FAE04EC0-301F-11D3-BF4B-00C04F79EFBC}") = "OrderService.Tests", "src\OrderService\OrderService.Tests\OrderService.Tests.csproj", "{2B15F4E0-1B7C-470B-BEAE-FA06D28D49FF}"
EndProject
Project("{FAE04EC0-301F-11D3-BF4B-00C04F79EFBC}") = "OrderService.Infrastructure", "src\OrderService\OrderService.Infrastructure\OrderService.Infrastructure.csproj", "{B7A3B581-5599-4510-B5A3-DE6853A29141}"
EndProject
Project("{FAE04EC0-301F-11D3-BF4B-00C04F79EFBC}") = "OrderService.Application", "src\OrderService\OrderService.Application\OrderService.Application.csproj", "{526321E0-7EBC-4DD3-979D-4CF6C0C229F6}"
EndProject
Project("{FAE04EC0-301F-11D3-BF4B-00C04F79EFBC}") = "OrderService.Domain", "src\OrderService\OrderService.Domain\OrderService.Domain.csproj", "{4E29FC52-9876-46E3-BB44-8352641ACABB}"
EndProject
Project("{2150E333-8FDC-42A3-9474-1A3956D46DE8}") = "PaymentService", "PaymentService", "{85E7FCF6-7275-4D96-82C3-CCE2593A41A6}"
EndProject
Project("{FAE04EC0-301F-11D3-BF4B-00C04F79EFBC}") = "PaymentService.Api", "src\PaymentService\PaymentService.Api\PaymentService.Api.csproj", "{4E5D9F6C-3690-49C9-A312-527867D5645F}"
EndProject
Project("{FAE04EC0-301F-11D3-BF4B-00C04F79EFBC}") = "PaymentService.Tests", "src\PaymentService\PaymentService.Tests\PaymentService.Tests.csproj", "{7B9142B3-507D-45BF-B728-23B46834687D}"
EndProject
Project("{FAE04EC0-301F-11D3-BF4B-00C04F79EFBC}") = "PaymentService.Infrastructure", "src\PaymentService\PaymentService.Infrastructure\PaymentService.Infrastructure.csproj", "{C250D35B-0F15-4061-BB78-08EB4E2988B0}"
EndProject
Project("{FAE04EC0-301F-11D3-BF4B-00C04F79EFBC}") = "PaymentService.Application", "src\PaymentService\PaymentService.Application\PaymentService.Application.csproj", "{F68D667C-5AC5-41AE-A42D-990D9EE46079}"
EndProject
Project("{FAE04EC0-301F-11D3-BF4B-00C04F79EFBC}") = "PaymentService.Domain", "src\PaymentService\PaymentService.Domain\PaymentService.Domain.csproj", "{3A4B667B-1EB8-4619-9356-61E22FD0C0CB}"
EndProject
Project("{2150E333-8FDC-42A3-9474-1A3956D46DE8}") = "CancellationService", "CancellationService", "{3EEA566D-CCDE-464C-8FC9-B0195FD2D4BC}"
EndProject
Project("{FAE04EC0-301F-11D3-BF4B-00C04F79EFBC}") = "CancellationService.Api1", "src\CancellationService\CancellationService.Api1\CancellationService.Api1.csproj", "{BD0E755C-6539-4A5F-988F-900CFEAEC151}"
EndProject
Project("{FAE04EC0-301F-11D3-BF4B-00C04F79EFBC}") = "CancellationService.Tests", "src\CancellationService\CancellationService.Tests\CancellationService.Tests.csproj", "{10FABD3A-E9AD-4BA2-9797-F0DBC517DAEB}"
EndProject
Project("{FAE04EC0-301F-11D3-BF4B-00C04F79EFBC}") = "CancellationService.Infrastructure", "src\CancellationService\CancellationService.Infrastructure\CancellationService.Infrastructure.csproj", "{05427A66-4AD0-4458-B125-BBD63B830C40}"
EndProject
Project("{FAE04EC0-301F-11D3-BF4B-00C04F79EFBC}") = "CancellationService.Domain", "src\CancellationService\CancellationService.Domain\CancellationService.Domain.csproj", "{551AC66C-FD1A-4E0C-8A86-CCF9C6ABEB46}"
EndProject
Project("{FAE04EC0-301F-11D3-BF4B-00C04F79EFBC}") = "CancellationService.Application", "src\CancellationService\CancellationService.Application\CancellationService.Application.csproj", "{B970FDA2-A0E6-4AB3-B887-EA067F3F092E}"
EndProject
Project("{2150E333-8FDC-42A3-9474-1A3956D46DE8}") = "RefundService", "RefundService", "{B177BE76-E5CD-451B-BBD4-B3119A4BA14E}"
EndProject
Project("{FAE04EC0-301F-11D3-BF4B-00C04F79EFBC}") = "RefundService.Infrastructure", "src\RefundService\RefundService.Infrastructure\RefundService.Infrastructure.csproj", "{9AA6CF14-DCD7-4394-8015-E32D596AACD0}"
EndProject
Project("{FAE04EC0-301F-11D3-BF4B-00C04F79EFBC}") = "RefundService.Api", "src\RefundService\RefundService.Api\RefundService.Api.csproj", "{4A224C7B-88A9-4749-81EA-9E7779462694}"
EndProject
Project("{FAE04EC0-301F-11D3-BF4B-00C04F79EFBC}") = "RefundService.Tests", "src\RefundService\RefundService.Tests\RefundService.Tests.csproj", "{B12AE884-2C19-4C1B-8B9A-3EDC1B17EE3F}"
EndProject
Project("{FAE04EC0-301F-11D3-BF4B-00C04F79EFBC}") = "RefundService.Domain", "src\RefundService\RefundService.Domain\RefundService.Domain.csproj", "{6D83D6FD-65C8-4A3B-81A0-581BC9008F67}"
EndProject
Project("{FAE04EC0-301F-11D3-BF4B-00C04F79EFBC}") = "RefundService.Application", "src\RefundService\RefundService.Application\RefundService.Application.csproj", "{5E23F08F-149C-40FD-B9DF-EACBB7E2BAB1}"
EndProject
Project("{2150E333-8FDC-42A3-9474-1A3956D46DE8}") = "EmailService", "EmailService", "{9E333396-1173-40E3-9D19-5C138CDBA72B}"
EndProject
Project("{2150E333-8FDC-42A3-9474-1A3956D46DE8}") = "FeedbackService", "FeedbackService", "{16F19182-7DA1-4A5A-AAC8-C1F7DE20D962}"
EndProject
Project("{FAE04EC0-301F-11D3-BF4B-00C04F79EFBC}") = "FeedbackService.Api", "src\FeedbackService\FeedbackService.Api\FeedbackService.Api.csproj", "{F2EE9FF2-7685-408F-A656-FBD794406E7B}"
EndProject
Project("{FAE04EC0-301F-11D3-BF4B-00C04F79EFBC}") = "FeedbackService.Tests", "src\FeedbackService\FeedbackService.Tests\FeedbackService.Tests.csproj", "{CF1CC7AD-6E63-480B-BE0B-C72677B022F2}"
EndProject
Project("{FAE04EC0-301F-11D3-BF4B-00C04F79EFBC}") = "FeedbackService.Infrastructure", "src\FeedbackService\FeedbackService.Infrastructure\FeedbackService.Infrastructure.csproj", "{EC3B27D7-7B22-45E9-9176-F563872CC545}"
EndProject
Project("{FAE04EC0-301F-11D3-BF4B-00C04F79EFBC}") = "FeedbackService.Application", "src\FeedbackService\FeedbackService.Application\FeedbackService.Application.csproj", "{FA40CD6B-A685-4026-A0BE-42894ACD7441}"
EndProject
Project("{FAE04EC0-301F-11D3-BF4B-00C04F79EFBC}") = "FeedbackService.Domain", "src\FeedbackService\FeedbackService.Domain\FeedbackService.Domain.csproj", "{353F5F02-652C-4482-AA02-2068C43F0F80}"
EndProject
Project("{2150E333-8FDC-42A3-9474-1A3956D46DE8}") = "FrontEnd", "FrontEnd", "{A52C8EA7-7195-4C1F-A3E8-1C97CD2482E6}"
EndProject
Project("{FAE04EC0-301F-11D3-BF4B-00C04F79EFBC}") = "FrontEnd-Ecommerce", "src\FrontEnd\FrontEnd-Ecommerce\FrontEnd-Ecommerce.csproj", "{7F50D874-3283-4365-AA1F-51331E59C360}"
EndProject
Project("{2150E333-8FDC-42A3-9474-1A3956D46DE8}") = "ApiGateWay", "ApiGateWay", "{02EA681E-C7D8-13C7-8484-4AC65E1B71E8}"
EndProject
Project("{FAE04EC0-301F-11D3-BF4B-00C04F79EFBC}") = "ApiGateway", "src\ApiGateWay\ApiGateway\ApiGateway.csproj", "{ACA3C2CE-A14B-4FEC-962C-E725DE7B95BE}"
EndProject
Project("{FAE04EC0-301F-11D3-BF4B-00C04F79EFBC}") = "NotificationService", "src\NotificationService\NotificationService.csproj", "{F6CCD75B-7436-4AFC-AF66-ACFDD88F9B5B}"
EndProject
Project("{2150E333-8FDC-42A3-9474-1A3956D46DE8}") = "tests", "tests", "{6A0E4FCE-F747-429C-A1FD-6B302EDB5DFF}"
EndProject
Project("{FAE04EC0-301F-11D3-BF4B-00C04F79EFBC}") = "NotificationService.Tests", "tests\NotificationService.Tests\NotificationService.Tests.csproj", "{5191FAE6-EAC5-4709-ACA0-9CE1A6775D2A}"
EndProject
Global
	GlobalSection(SolutionConfigurationPlatforms) = preSolution
		Debug|Any CPU = Debug|Any CPU
		Release|Any CPU = Release|Any CPU
	EndGlobalSection
	GlobalSection(ProjectConfigurationPlatforms) = postSolution
		{6289203E-FE7E-449E-B2FA-46E09C2DB601}.Debug|Any CPU.ActiveCfg = Debug|Any CPU
		{6289203E-FE7E-449E-B2FA-46E09C2DB601}.Debug|Any CPU.Build.0 = Debug|Any CPU
		{6289203E-FE7E-449E-B2FA-46E09C2DB601}.Release|Any CPU.ActiveCfg = Release|Any CPU
		{6289203E-FE7E-449E-B2FA-46E09C2DB601}.Release|Any CPU.Build.0 = Release|Any CPU
		{D5C5888B-0611-4A25-80EF-13DBBFFDD084}.Debug|Any CPU.ActiveCfg = Debug|Any CPU
		{D5C5888B-0611-4A25-80EF-13DBBFFDD084}.Debug|Any CPU.Build.0 = Debug|Any CPU
		{D5C5888B-0611-4A25-80EF-13DBBFFDD084}.Release|Any CPU.ActiveCfg = Release|Any CPU
		{D5C5888B-0611-4A25-80EF-13DBBFFDD084}.Release|Any CPU.Build.0 = Release|Any CPU
		{194D4BAB-BEC2-4B34-9C0E-169E1E7233F3}.Debug|Any CPU.ActiveCfg = Debug|Any CPU
		{194D4BAB-BEC2-4B34-9C0E-169E1E7233F3}.Debug|Any CPU.Build.0 = Debug|Any CPU
		{194D4BAB-BEC2-4B34-9C0E-169E1E7233F3}.Release|Any CPU.ActiveCfg = Release|Any CPU
		{194D4BAB-BEC2-4B34-9C0E-169E1E7233F3}.Release|Any CPU.Build.0 = Release|Any CPU
		{7111AA73-A7D4-45EF-824E-994265BE14CA}.Debug|Any CPU.ActiveCfg = Debug|Any CPU
		{7111AA73-A7D4-45EF-824E-994265BE14CA}.Debug|Any CPU.Build.0 = Debug|Any CPU
		{7111AA73-A7D4-45EF-824E-994265BE14CA}.Release|Any CPU.ActiveCfg = Release|Any CPU
		{7111AA73-A7D4-45EF-824E-994265BE14CA}.Release|Any CPU.Build.0 = Release|Any CPU
		{025D38BD-FAC3-428B-941A-BBE1C1BD0AD1}.Debug|Any CPU.ActiveCfg = Debug|Any CPU
		{025D38BD-FAC3-428B-941A-BBE1C1BD0AD1}.Debug|Any CPU.Build.0 = Debug|Any CPU
		{025D38BD-FAC3-428B-941A-BBE1C1BD0AD1}.Release|Any CPU.ActiveCfg = Release|Any CPU
		{025D38BD-FAC3-428B-941A-BBE1C1BD0AD1}.Release|Any CPU.Build.0 = Release|Any CPU
		{44FA5A23-3F33-42B2-AAC4-460A0442E09D}.Debug|Any CPU.ActiveCfg = Debug|Any CPU
		{44FA5A23-3F33-42B2-AAC4-460A0442E09D}.Debug|Any CPU.Build.0 = Debug|Any CPU
		{44FA5A23-3F33-42B2-AAC4-460A0442E09D}.Release|Any CPU.ActiveCfg = Release|Any CPU
		{44FA5A23-3F33-42B2-AAC4-460A0442E09D}.Release|Any CPU.Build.0 = Release|Any CPU
		{1B858E78-52C7-499D-B851-25B2CE328B15}.Debug|Any CPU.ActiveCfg = Debug|Any CPU
		{1B858E78-52C7-499D-B851-25B2CE328B15}.Debug|Any CPU.Build.0 = Debug|Any CPU
		{1B858E78-52C7-499D-B851-25B2CE328B15}.Release|Any CPU.ActiveCfg = Release|Any CPU
		{1B858E78-52C7-499D-B851-25B2CE328B15}.Release|Any CPU.Build.0 = Release|Any CPU
		{6AEE823E-8792-4A71-92F1-335B708683FE}.Debug|Any CPU.ActiveCfg = Debug|Any CPU
		{6AEE823E-8792-4A71-92F1-335B708683FE}.Debug|Any CPU.Build.0 = Debug|Any CPU
		{6AEE823E-8792-4A71-92F1-335B708683FE}.Release|Any CPU.ActiveCfg = Release|Any CPU
		{6AEE823E-8792-4A71-92F1-335B708683FE}.Release|Any CPU.Build.0 = Release|Any CPU
		{384B02BB-6007-4F21-BCF4-EE05CCBDB07A}.Debug|Any CPU.ActiveCfg = Debug|Any CPU
		{384B02BB-6007-4F21-BCF4-EE05CCBDB07A}.Debug|Any CPU.Build.0 = Debug|Any CPU
		{384B02BB-6007-4F21-BCF4-EE05CCBDB07A}.Release|Any CPU.ActiveCfg = Release|Any CPU
		{384B02BB-6007-4F21-BCF4-EE05CCBDB07A}.Release|Any CPU.Build.0 = Release|Any CPU
		{5F0D52AA-B2C7-4F33-9FA2-5FCEB1A4003B}.Debug|Any CPU.ActiveCfg = Debug|Any CPU
		{5F0D52AA-B2C7-4F33-9FA2-5FCEB1A4003B}.Debug|Any CPU.Build.0 = Debug|Any CPU
		{5F0D52AA-B2C7-4F33-9FA2-5FCEB1A4003B}.Release|Any CPU.ActiveCfg = Release|Any CPU
		{5F0D52AA-B2C7-4F33-9FA2-5FCEB1A4003B}.Release|Any CPU.Build.0 = Release|Any CPU
		{AC184814-DCBD-4895-B93B-E83D0010449D}.Debug|Any CPU.ActiveCfg = Debug|Any CPU
		{AC184814-DCBD-4895-B93B-E83D0010449D}.Debug|Any CPU.Build.0 = Debug|Any CPU
		{AC184814-DCBD-4895-B93B-E83D0010449D}.Release|Any CPU.ActiveCfg = Release|Any CPU
		{AC184814-DCBD-4895-B93B-E83D0010449D}.Release|Any CPU.Build.0 = Release|Any CPU
		{BB238EC8-DAF9-4A41-9B34-667FEB8FED15}.Debug|Any CPU.ActiveCfg = Debug|Any CPU
		{BB238EC8-DAF9-4A41-9B34-667FEB8FED15}.Debug|Any CPU.Build.0 = Debug|Any CPU
		{BB238EC8-DAF9-4A41-9B34-667FEB8FED15}.Release|Any CPU.ActiveCfg = Release|Any CPU
		{BB238EC8-DAF9-4A41-9B34-667FEB8FED15}.Release|Any CPU.Build.0 = Release|Any CPU
		{1F148AC1-AE08-4928-8844-F142DF8286D6}.Debug|Any CPU.ActiveCfg = Debug|Any CPU
		{1F148AC1-AE08-4928-8844-F142DF8286D6}.Debug|Any CPU.Build.0 = Debug|Any CPU
		{1F148AC1-AE08-4928-8844-F142DF8286D6}.Release|Any CPU.ActiveCfg = Release|Any CPU
		{1F148AC1-AE08-4928-8844-F142DF8286D6}.Release|Any CPU.Build.0 = Release|Any CPU
		{EA281AFB-564B-4FB9-B81D-89D3204C3F37}.Debug|Any CPU.ActiveCfg = Debug|Any CPU
		{EA281AFB-564B-4FB9-B81D-89D3204C3F37}.Debug|Any CPU.Build.0 = Debug|Any CPU
		{EA281AFB-564B-4FB9-B81D-89D3204C3F37}.Release|Any CPU.ActiveCfg = Release|Any CPU
		{EA281AFB-564B-4FB9-B81D-89D3204C3F37}.Release|Any CPU.Build.0 = Release|Any CPU
		{E9A1E3CA-619F-4211-9D7D-0973D3F4973F}.Debug|Any CPU.ActiveCfg = Debug|Any CPU
		{E9A1E3CA-619F-4211-9D7D-0973D3F4973F}.Debug|Any CPU.Build.0 = Debug|Any CPU
		{E9A1E3CA-619F-4211-9D7D-0973D3F4973F}.Release|Any CPU.ActiveCfg = Release|Any CPU
		{E9A1E3CA-619F-4211-9D7D-0973D3F4973F}.Release|Any CPU.Build.0 = Release|Any CPU
		{12AC6B99-D916-4905-B018-C152E30F5802}.Debug|Any CPU.ActiveCfg = Debug|Any CPU
		{12AC6B99-D916-4905-B018-C152E30F5802}.Debug|Any CPU.Build.0 = Debug|Any CPU
		{12AC6B99-D916-4905-B018-C152E30F5802}.Release|Any CPU.ActiveCfg = Release|Any CPU
		{12AC6B99-D916-4905-B018-C152E30F5802}.Release|Any CPU.Build.0 = Release|Any CPU
		{2B15F4E0-1B7C-470B-BEAE-FA06D28D49FF}.Debug|Any CPU.ActiveCfg = Debug|Any CPU
		{2B15F4E0-1B7C-470B-BEAE-FA06D28D49FF}.Debug|Any CPU.Build.0 = Debug|Any CPU
		{2B15F4E0-1B7C-470B-BEAE-FA06D28D49FF}.Release|Any CPU.ActiveCfg = Release|Any CPU
		{2B15F4E0-1B7C-470B-BEAE-FA06D28D49FF}.Release|Any CPU.Build.0 = Release|Any CPU
		{B7A3B581-5599-4510-B5A3-DE6853A29141}.Debug|Any CPU.ActiveCfg = Debug|Any CPU
		{B7A3B581-5599-4510-B5A3-DE6853A29141}.Debug|Any CPU.Build.0 = Debug|Any CPU
		{B7A3B581-5599-4510-B5A3-DE6853A29141}.Release|Any CPU.ActiveCfg = Release|Any CPU
		{B7A3B581-5599-4510-B5A3-DE6853A29141}.Release|Any CPU.Build.0 = Release|Any CPU
		{526321E0-7EBC-4DD3-979D-4CF6C0C229F6}.Debug|Any CPU.ActiveCfg = Debug|Any CPU
		{526321E0-7EBC-4DD3-979D-4CF6C0C229F6}.Debug|Any CPU.Build.0 = Debug|Any CPU
		{526321E0-7EBC-4DD3-979D-4CF6C0C229F6}.Release|Any CPU.ActiveCfg = Release|Any CPU
		{526321E0-7EBC-4DD3-979D-4CF6C0C229F6}.Release|Any CPU.Build.0 = Release|Any CPU
		{4E29FC52-9876-46E3-BB44-8352641ACABB}.Debug|Any CPU.ActiveCfg = Debug|Any CPU
		{4E29FC52-9876-46E3-BB44-8352641ACABB}.Debug|Any CPU.Build.0 = Debug|Any CPU
		{4E29FC52-9876-46E3-BB44-8352641ACABB}.Release|Any CPU.ActiveCfg = Release|Any CPU
		{4E29FC52-9876-46E3-BB44-8352641ACABB}.Release|Any CPU.Build.0 = Release|Any CPU
		{4E5D9F6C-3690-49C9-A312-527867D5645F}.Debug|Any CPU.ActiveCfg = Debug|Any CPU
		{4E5D9F6C-3690-49C9-A312-527867D5645F}.Debug|Any CPU.Build.0 = Debug|Any CPU
		{4E5D9F6C-3690-49C9-A312-527867D5645F}.Release|Any CPU.ActiveCfg = Release|Any CPU
		{4E5D9F6C-3690-49C9-A312-527867D5645F}.Release|Any CPU.Build.0 = Release|Any CPU
		{7B9142B3-507D-45BF-B728-23B46834687D}.Debug|Any CPU.ActiveCfg = Debug|Any CPU
		{7B9142B3-507D-45BF-B728-23B46834687D}.Debug|Any CPU.Build.0 = Debug|Any CPU
		{7B9142B3-507D-45BF-B728-23B46834687D}.Release|Any CPU.ActiveCfg = Release|Any CPU
		{7B9142B3-507D-45BF-B728-23B46834687D}.Release|Any CPU.Build.0 = Release|Any CPU
		{C250D35B-0F15-4061-BB78-08EB4E2988B0}.Debug|Any CPU.ActiveCfg = Debug|Any CPU
		{C250D35B-0F15-4061-BB78-08EB4E2988B0}.Debug|Any CPU.Build.0 = Debug|Any CPU
		{C250D35B-0F15-4061-BB78-08EB4E2988B0}.Release|Any CPU.ActiveCfg = Release|Any CPU
		{C250D35B-0F15-4061-BB78-08EB4E2988B0}.Release|Any CPU.Build.0 = Release|Any CPU
		{F68D667C-5AC5-41AE-A42D-990D9EE46079}.Debug|Any CPU.ActiveCfg = Debug|Any CPU
		{F68D667C-5AC5-41AE-A42D-990D9EE46079}.Debug|Any CPU.Build.0 = Debug|Any CPU
		{F68D667C-5AC5-41AE-A42D-990D9EE46079}.Release|Any CPU.ActiveCfg = Release|Any CPU
		{F68D667C-5AC5-41AE-A42D-990D9EE46079}.Release|Any CPU.Build.0 = Release|Any CPU
		{3A4B667B-1EB8-4619-9356-61E22FD0C0CB}.Debug|Any CPU.ActiveCfg = Debug|Any CPU
		{3A4B667B-1EB8-4619-9356-61E22FD0C0CB}.Debug|Any CPU.Build.0 = Debug|Any CPU
		{3A4B667B-1EB8-4619-9356-61E22FD0C0CB}.Release|Any CPU.ActiveCfg = Release|Any CPU
		{3A4B667B-1EB8-4619-9356-61E22FD0C0CB}.Release|Any CPU.Build.0 = Release|Any CPU
		{BD0E755C-6539-4A5F-988F-900CFEAEC151}.Debug|Any CPU.ActiveCfg = Debug|Any CPU
		{BD0E755C-6539-4A5F-988F-900CFEAEC151}.Debug|Any CPU.Build.0 = Debug|Any CPU
		{BD0E755C-6539-4A5F-988F-900CFEAEC151}.Release|Any CPU.ActiveCfg = Release|Any CPU
		{BD0E755C-6539-4A5F-988F-900CFEAEC151}.Release|Any CPU.Build.0 = Release|Any CPU
		{10FABD3A-E9AD-4BA2-9797-F0DBC517DAEB}.Debug|Any CPU.ActiveCfg = Debug|Any CPU
		{10FABD3A-E9AD-4BA2-9797-F0DBC517DAEB}.Debug|Any CPU.Build.0 = Debug|Any CPU
		{10FABD3A-E9AD-4BA2-9797-F0DBC517DAEB}.Release|Any CPU.ActiveCfg = Release|Any CPU
		{10FABD3A-E9AD-4BA2-9797-F0DBC517DAEB}.Release|Any CPU.Build.0 = Release|Any CPU
		{05427A66-4AD0-4458-B125-BBD63B830C40}.Debug|Any CPU.ActiveCfg = Debug|Any CPU
		{05427A66-4AD0-4458-B125-BBD63B830C40}.Debug|Any CPU.Build.0 = Debug|Any CPU
		{05427A66-4AD0-4458-B125-BBD63B830C40}.Release|Any CPU.ActiveCfg = Release|Any CPU
		{05427A66-4AD0-4458-B125-BBD63B830C40}.Release|Any CPU.Build.0 = Release|Any CPU
		{551AC66C-FD1A-4E0C-8A86-CCF9C6ABEB46}.Debug|Any CPU.ActiveCfg = Debug|Any CPU
		{551AC66C-FD1A-4E0C-8A86-CCF9C6ABEB46}.Debug|Any CPU.Build.0 = Debug|Any CPU
		{551AC66C-FD1A-4E0C-8A86-CCF9C6ABEB46}.Release|Any CPU.ActiveCfg = Release|Any CPU
		{551AC66C-FD1A-4E0C-8A86-CCF9C6ABEB46}.Release|Any CPU.Build.0 = Release|Any CPU
		{B970FDA2-A0E6-4AB3-B887-EA067F3F092E}.Debug|Any CPU.ActiveCfg = Debug|Any CPU
		{B970FDA2-A0E6-4AB3-B887-EA067F3F092E}.Debug|Any CPU.Build.0 = Debug|Any CPU
		{B970FDA2-A0E6-4AB3-B887-EA067F3F092E}.Release|Any CPU.ActiveCfg = Release|Any CPU
		{B970FDA2-A0E6-4AB3-B887-EA067F3F092E}.Release|Any CPU.Build.0 = Release|Any CPU
		{9AA6CF14-DCD7-4394-8015-E32D596AACD0}.Debug|Any CPU.ActiveCfg = Debug|Any CPU
		{9AA6CF14-DCD7-4394-8015-E32D596AACD0}.Debug|Any CPU.Build.0 = Debug|Any CPU
		{9AA6CF14-DCD7-4394-8015-E32D596AACD0}.Release|Any CPU.ActiveCfg = Release|Any CPU
		{9AA6CF14-DCD7-4394-8015-E32D596AACD0}.Release|Any CPU.Build.0 = Release|Any CPU
		{4A224C7B-88A9-4749-81EA-9E7779462694}.Debug|Any CPU.ActiveCfg = Debug|Any CPU
		{4A224C7B-88A9-4749-81EA-9E7779462694}.Debug|Any CPU.Build.0 = Debug|Any CPU
		{4A224C7B-88A9-4749-81EA-9E7779462694}.Release|Any CPU.ActiveCfg = Release|Any CPU
		{4A224C7B-88A9-4749-81EA-9E7779462694}.Release|Any CPU.Build.0 = Release|Any CPU
		{B12AE884-2C19-4C1B-8B9A-3EDC1B17EE3F}.Debug|Any CPU.ActiveCfg = Debug|Any CPU
		{B12AE884-2C19-4C1B-8B9A-3EDC1B17EE3F}.Debug|Any CPU.Build.0 = Debug|Any CPU
		{B12AE884-2C19-4C1B-8B9A-3EDC1B17EE3F}.Release|Any CPU.ActiveCfg = Release|Any CPU
		{B12AE884-2C19-4C1B-8B9A-3EDC1B17EE3F}.Release|Any CPU.Build.0 = Release|Any CPU
		{6D83D6FD-65C8-4A3B-81A0-581BC9008F67}.Debug|Any CPU.ActiveCfg = Debug|Any CPU
		{6D83D6FD-65C8-4A3B-81A0-581BC9008F67}.Debug|Any CPU.Build.0 = Debug|Any CPU
		{6D83D6FD-65C8-4A3B-81A0-581BC9008F67}.Release|Any CPU.ActiveCfg = Release|Any CPU
		{6D83D6FD-65C8-4A3B-81A0-581BC9008F67}.Release|Any CPU.Build.0 = Release|Any CPU
		{5E23F08F-149C-40FD-B9DF-EACBB7E2BAB1}.Debug|Any CPU.ActiveCfg = Debug|Any CPU
		{5E23F08F-149C-40FD-B9DF-EACBB7E2BAB1}.Debug|Any CPU.Build.0 = Debug|Any CPU
		{5E23F08F-149C-40FD-B9DF-EACBB7E2BAB1}.Release|Any CPU.ActiveCfg = Release|Any CPU
		{5E23F08F-149C-40FD-B9DF-EACBB7E2BAB1}.Release|Any CPU.Build.0 = Release|Any CPU
		{F2EE9FF2-7685-408F-A656-FBD794406E7B}.Debug|Any CPU.ActiveCfg = Debug|Any CPU
		{F2EE9FF2-7685-408F-A656-FBD794406E7B}.Debug|Any CPU.Build.0 = Debug|Any CPU
		{F2EE9FF2-7685-408F-A656-FBD794406E7B}.Release|Any CPU.ActiveCfg = Release|Any CPU
		{F2EE9FF2-7685-408F-A656-FBD794406E7B}.Release|Any CPU.Build.0 = Release|Any CPU
		{CF1CC7AD-6E63-480B-BE0B-C72677B022F2}.Debug|Any CPU.ActiveCfg = Debug|Any CPU
		{CF1CC7AD-6E63-480B-BE0B-C72677B022F2}.Debug|Any CPU.Build.0 = Debug|Any CPU
		{CF1CC7AD-6E63-480B-BE0B-C72677B022F2}.Release|Any CPU.ActiveCfg = Release|Any CPU
		{CF1CC7AD-6E63-480B-BE0B-C72677B022F2}.Release|Any CPU.Build.0 = Release|Any CPU
		{EC3B27D7-7B22-45E9-9176-F563872CC545}.Debug|Any CPU.ActiveCfg = Debug|Any CPU
		{EC3B27D7-7B22-45E9-9176-F563872CC545}.Debug|Any CPU.Build.0 = Debug|Any CPU
		{EC3B27D7-7B22-45E9-9176-F563872CC545}.Release|Any CPU.ActiveCfg = Release|Any CPU
		{EC3B27D7-7B22-45E9-9176-F563872CC545}.Release|Any CPU.Build.0 = Release|Any CPU
		{FA40CD6B-A685-4026-A0BE-42894ACD7441}.Debug|Any CPU.ActiveCfg = Debug|Any CPU
		{FA40CD6B-A685-4026-A0BE-42894ACD7441}.Debug|Any CPU.Build.0 = Debug|Any CPU
		{FA40CD6B-A685-4026-A0BE-42894ACD7441}.Release|Any CPU.ActiveCfg = Release|Any CPU
		{FA40CD6B-A685-4026-A0BE-42894ACD7441}.Release|Any CPU.Build.0 = Release|Any CPU
		{353F5F02-652C-4482-AA02-2068C43F0F80}.Debug|Any CPU.ActiveCfg = Debug|Any CPU
		{353F5F02-652C-4482-AA02-2068C43F0F80}.Debug|Any CPU.Build.0 = Debug|Any CPU
		{353F5F02-652C-4482-AA02-2068C43F0F80}.Release|Any CPU.ActiveCfg = Release|Any CPU
		{353F5F02-652C-4482-AA02-2068C43F0F80}.Release|Any CPU.Build.0 = Release|Any CPU
		{7F50D874-3283-4365-AA1F-51331E59C360}.Debug|Any CPU.ActiveCfg = Debug|Any CPU
		{7F50D874-3283-4365-AA1F-51331E59C360}.Debug|Any CPU.Build.0 = Debug|Any CPU
		{7F50D874-3283-4365-AA1F-51331E59C360}.Release|Any CPU.ActiveCfg = Release|Any CPU
		{7F50D874-3283-4365-AA1F-51331E59C360}.Release|Any CPU.Build.0 = Release|Any CPU
		{ACA3C2CE-A14B-4FEC-962C-E725DE7B95BE}.Debug|Any CPU.ActiveCfg = Debug|Any CPU
		{ACA3C2CE-A14B-4FEC-962C-E725DE7B95BE}.Debug|Any CPU.Build.0 = Debug|Any CPU
		{ACA3C2CE-A14B-4FEC-962C-E725DE7B95BE}.Release|Any CPU.ActiveCfg = Release|Any CPU
		{ACA3C2CE-A14B-4FEC-962C-E725DE7B95BE}.Release|Any CPU.Build.0 = Release|Any CPU
		{F6CCD75B-7436-4AFC-AF66-ACFDD88F9B5B}.Debug|Any CPU.ActiveCfg = Debug|Any CPU
		{F6CCD75B-7436-4AFC-AF66-ACFDD88F9B5B}.Debug|Any CPU.Build.0 = Debug|Any CPU
		{F6CCD75B-7436-4AFC-AF66-ACFDD88F9B5B}.Release|Any CPU.ActiveCfg = Release|Any CPU
		{F6CCD75B-7436-4AFC-AF66-ACFDD88F9B5B}.Release|Any CPU.Build.0 = Release|Any CPU
		{5191FAE6-EAC5-4709-ACA0-9CE1A6775D2A}.Debug|Any CPU.ActiveCfg = Debug|Any CPU
		{5191FAE6-EAC5-4709-ACA0-9CE1A6775D2A}.Debug|Any CPU.Build.0 = Debug|Any CPU
		{5191FAE6-EAC5-4709-ACA0-9CE1A6775D2A}.Release|Any CPU.ActiveCfg = Release|Any CPU
		{5191FAE6-EAC5-4709-ACA0-9CE1A6775D2A}.Release|Any CPU.Build.0 = Release|Any CPU
	EndGlobalSection
	GlobalSection(SolutionProperties) = preSolution
		HideSolutionNode = FALSE
	EndGlobalSection
	GlobalSection(NestedProjects) = preSolution
		{4FE055CF-634D-4F4E-B25A-21A653B12BCC} = {FC344D21-B3E4-4879-857D-FB525BF3197D}
		{B01C8B2C-659B-47B5-8CF5-DA34BA02ACA5} = {FC344D21-B3E4-4879-857D-FB525BF3197D}
		{6289203E-FE7E-449E-B2FA-46E09C2DB601} = {B01C8B2C-659B-47B5-8CF5-DA34BA02ACA5}
		{D5C5888B-0611-4A25-80EF-13DBBFFDD084} = {B01C8B2C-659B-47B5-8CF5-DA34BA02ACA5}
		{194D4BAB-BEC2-4B34-9C0E-169E1E7233F3} = {B01C8B2C-659B-47B5-8CF5-DA34BA02ACA5}
		{7111AA73-A7D4-45EF-824E-994265BE14CA} = {B01C8B2C-659B-47B5-8CF5-DA34BA02ACA5}
		{025D38BD-FAC3-428B-941A-BBE1C1BD0AD1} = {B01C8B2C-659B-47B5-8CF5-DA34BA02ACA5}
		{2F727C87-68B0-4727-B1BF-E94C0EFDED06} = {FC344D21-B3E4-4879-857D-FB525BF3197D}
		{44FA5A23-3F33-42B2-AAC4-460A0442E09D} = {2F727C87-68B0-4727-B1BF-E94C0EFDED06}
		{1B858E78-52C7-499D-B851-25B2CE328B15} = {2F727C87-68B0-4727-B1BF-E94C0EFDED06}
		{6AEE823E-8792-4A71-92F1-335B708683FE} = {2F727C87-68B0-4727-B1BF-E94C0EFDED06}
		{384B02BB-6007-4F21-BCF4-EE05CCBDB07A} = {2F727C87-68B0-4727-B1BF-E94C0EFDED06}
		{5F0D52AA-B2C7-4F33-9FA2-5FCEB1A4003B} = {2F727C87-68B0-4727-B1BF-E94C0EFDED06}
		{9807050B-5E42-4719-A980-5DACAB998FC0} = {FC344D21-B3E4-4879-857D-FB525BF3197D}
		{AC184814-DCBD-4895-B93B-E83D0010449D} = {9807050B-5E42-4719-A980-5DACAB998FC0}
		{BB238EC8-DAF9-4A41-9B34-667FEB8FED15} = {9807050B-5E42-4719-A980-5DACAB998FC0}
		{1F148AC1-AE08-4928-8844-F142DF8286D6} = {9807050B-5E42-4719-A980-5DACAB998FC0}
		{EA281AFB-564B-4FB9-B81D-89D3204C3F37} = {9807050B-5E42-4719-A980-5DACAB998FC0}
		{E9A1E3CA-619F-4211-9D7D-0973D3F4973F} = {9807050B-5E42-4719-A980-5DACAB998FC0}
		{12AC6B99-D916-4905-B018-C152E30F5802} = {4FE055CF-634D-4F4E-B25A-21A653B12BCC}
		{2B15F4E0-1B7C-470B-BEAE-FA06D28D49FF} = {4FE055CF-634D-4F4E-B25A-21A653B12BCC}
		{B7A3B581-5599-4510-B5A3-DE6853A29141} = {4FE055CF-634D-4F4E-B25A-21A653B12BCC}
		{526321E0-7EBC-4DD3-979D-4CF6C0C229F6} = {4FE055CF-634D-4F4E-B25A-21A653B12BCC}
		{4E29FC52-9876-46E3-BB44-8352641ACABB} = {4FE055CF-634D-4F4E-B25A-21A653B12BCC}
		{85E7FCF6-7275-4D96-82C3-CCE2593A41A6} = {FC344D21-B3E4-4879-857D-FB525BF3197D}
		{4E5D9F6C-3690-49C9-A312-527867D5645F} = {85E7FCF6-7275-4D96-82C3-CCE2593A41A6}
		{7B9142B3-507D-45BF-B728-23B46834687D} = {85E7FCF6-7275-4D96-82C3-CCE2593A41A6}
		{C250D35B-0F15-4061-BB78-08EB4E2988B0} = {85E7FCF6-7275-4D96-82C3-CCE2593A41A6}
		{F68D667C-5AC5-41AE-A42D-990D9EE46079} = {85E7FCF6-7275-4D96-82C3-CCE2593A41A6}
		{3A4B667B-1EB8-4619-9356-61E22FD0C0CB} = {85E7FCF6-7275-4D96-82C3-CCE2593A41A6}
		{3EEA566D-CCDE-464C-8FC9-B0195FD2D4BC} = {FC344D21-B3E4-4879-857D-FB525BF3197D}
		{BD0E755C-6539-4A5F-988F-900CFEAEC151} = {3EEA566D-CCDE-464C-8FC9-B0195FD2D4BC}
		{10FABD3A-E9AD-4BA2-9797-F0DBC517DAEB} = {3EEA566D-CCDE-464C-8FC9-B0195FD2D4BC}
		{05427A66-4AD0-4458-B125-BBD63B830C40} = {3EEA566D-CCDE-464C-8FC9-B0195FD2D4BC}
		{551AC66C-FD1A-4E0C-8A86-CCF9C6ABEB46} = {3EEA566D-CCDE-464C-8FC9-B0195FD2D4BC}
		{B970FDA2-A0E6-4AB3-B887-EA067F3F092E} = {3EEA566D-CCDE-464C-8FC9-B0195FD2D4BC}
		{B177BE76-E5CD-451B-BBD4-B3119A4BA14E} = {FC344D21-B3E4-4879-857D-FB525BF3197D}
		{9AA6CF14-DCD7-4394-8015-E32D596AACD0} = {B177BE76-E5CD-451B-BBD4-B3119A4BA14E}
		{4A224C7B-88A9-4749-81EA-9E7779462694} = {B177BE76-E5CD-451B-BBD4-B3119A4BA14E}
		{B12AE884-2C19-4C1B-8B9A-3EDC1B17EE3F} = {B177BE76-E5CD-451B-BBD4-B3119A4BA14E}
		{6D83D6FD-65C8-4A3B-81A0-581BC9008F67} = {B177BE76-E5CD-451B-BBD4-B3119A4BA14E}
		{5E23F08F-149C-40FD-B9DF-EACBB7E2BAB1} = {B177BE76-E5CD-451B-BBD4-B3119A4BA14E}
		{9E333396-1173-40E3-9D19-5C138CDBA72B} = {FC344D21-B3E4-4879-857D-FB525BF3197D}
		{16F19182-7DA1-4A5A-AAC8-C1F7DE20D962} = {FC344D21-B3E4-4879-857D-FB525BF3197D}
		{F2EE9FF2-7685-408F-A656-FBD794406E7B} = {16F19182-7DA1-4A5A-AAC8-C1F7DE20D962}
		{CF1CC7AD-6E63-480B-BE0B-C72677B022F2} = {16F19182-7DA1-4A5A-AAC8-C1F7DE20D962}
		{EC3B27D7-7B22-45E9-9176-F563872CC545} = {16F19182-7DA1-4A5A-AAC8-C1F7DE20D962}
		{FA40CD6B-A685-4026-A0BE-42894ACD7441} = {16F19182-7DA1-4A5A-AAC8-C1F7DE20D962}
		{353F5F02-652C-4482-AA02-2068C43F0F80} = {16F19182-7DA1-4A5A-AAC8-C1F7DE20D962}
		{A52C8EA7-7195-4C1F-A3E8-1C97CD2482E6} = {FC344D21-B3E4-4879-857D-FB525BF3197D}
		{7F50D874-3283-4365-AA1F-51331E59C360} = {A52C8EA7-7195-4C1F-A3E8-1C97CD2482E6}
		{02EA681E-C7D8-13C7-8484-4AC65E1B71E8} = {FC344D21-B3E4-4879-857D-FB525BF3197D}
		{ACA3C2CE-A14B-4FEC-962C-E725DE7B95BE} = {02EA681E-C7D8-13C7-8484-4AC65E1B71E8}
		{F6CCD75B-7436-4AFC-AF66-ACFDD88F9B5B} = {FC344D21-B3E4-4879-857D-FB525BF3197D}
		{5191FAE6-EAC5-4709-ACA0-9CE1A6775D2A} = {6A0E4FCE-F747-429C-A1FD-6B302EDB5DFF}
	EndGlobalSection
	GlobalSection(ExtensibilityGlobals) = postSolution
		SolutionGuid = {08432E38-2EB7-4CF7-9447-92AD15106ED7}
	EndGlobalSection
EndGlobal
